
Microsoft Visual Studio Solution File, Format Version 12.00
# Visual Studio Version 16
VisualStudioVersion = 16.0.30011.22
MinimumVisualStudioVersion = 10.0.40219.1
Project("{FAE04EC0-301F-11D3-BF4B-00C04F79EFBC}") = "Online Course", "Online Course\Online Course.csproj", "{C077FAE0-A737-400C-AC88-F54BD8902C46}"
EndProject
Project("{FAE04EC0-301F-11D3-BF4B-00C04F79EFBC}") = "Online_Course_LIB", "Online_Course_LIB\Online_Course_LIB.csproj", "{5C868A27-3527-4883-9C75-5C6A4F5C833F}"
EndProject
Global
	GlobalSection(SolutionConfigurationPlatforms) = preSolution
		Debug|Any CPU = Debug|Any CPU
		Release|Any CPU = Release|Any CPU
	EndGlobalSection
	GlobalSection(ProjectConfigurationPlatforms) = postSolution
		{C077FAE0-A737-400C-AC88-F54BD8902C46}.Debug|Any CPU.ActiveCfg = Debug|Any CPU
		{C077FAE0-A737-400C-AC88-F54BD8902C46}.Debug|Any CPU.Build.0 = Debug|Any CPU
		{C077FAE0-A737-400C-AC88-F54BD8902C46}.Release|Any CPU.ActiveCfg = Release|Any CPU
		{C077FAE0-A737-400C-AC88-F54BD8902C46}.Release|Any CPU.Build.0 = Release|Any CPU
		{5C868A27-3527-4883-9C75-5C6A4F5C833F}.Debug|Any CPU.ActiveCfg = Debug|Any CPU
		{5C868A27-3527-4883-9C75-5C6A4F5C833F}.Debug|Any CPU.Build.0 = Debug|Any CPU
		{5C868A27-3527-4883-9C75-5C6A4F5C833F}.Release|Any CPU.ActiveCfg = Release|Any CPU
		{5C868A27-3527-4883-9C75-5C6A4F5C833F}.Release|Any CPU.Build.0 = Release|Any CPU
	EndGlobalSection
	GlobalSection(SolutionProperties) = preSolution
		HideSolutionNode = FALSE
	EndGlobalSection
	GlobalSection(ExtensibilityGlobals) = postSolution
		SolutionGuid = {25496CF0-8659-41BB-8C8B-2EE32239A57B}
	EndGlobalSection
EndGlobal
